{
  "version": 2,
  "dependencies": {
    "net11.0": {
      "Microsoft.Extensions.AI": {
        "type": "Direct",
        "requested": "[10.0.1, )",
        "resolved": "10.0.1",
        "contentHash": "1J4KAyZQsdHt0Dcq5Qsb9l+c5mtZM8F6//VwQse8iIov874aFX1E11UA+Fy/6Krkg2LCw8EtRnobeyADW4slNQ==",
        "dependencies": {
          "Microsoft.Extensions.AI.Abstractions": "10.0.1",
          "System.Numerics.Tensors": "10.0.0"
        }
      },
      "Microsoft.Extensions.AI.Abstractions": {
        "type": "Transitive",
        "resolved": "10.0.1",
        "contentHash": "SR78I0BV7ljDovyVsZQqpt2NezdLoDtoIOCNwqAteuPc8f5PEmvDjokOQxKnTwXo/9RBKnmrzuPzbsuvueZcrg=="
      },
      "System.Numerics.Tensors": {
        "type": "Transitive",
        "resolved": "10.0.0",
        "contentHash": "PxZKFx8ACAt7gRnTSDgtZFA06cimls5XL1Olv63bWF8qKL5+EQdqq3K02etW4LNut4xDoREPe9z7QYATLMkBPA=="
      }
    }
  }
}